// !$*UTF8*$!
{
	archiveVersion = 1;
	classes = {
	};
	objectVersion = 50;
	objects = {

/* Begin PBXBuildFile section */
		1A56791525EBC06F00C932CC /* quest_background.jpg in Resources */ = {isa = PBXBuildFile; fileRef = 1A56791425EBC06F00C932CC /* quest_background.jpg */; };
		1A56791A25EBCAEB00C932CC /* 005_b.png in Resources */ = {isa = PBXBuildFile; fileRef = 1A56791925EBCAEB00C932CC /* 005_b.png */; };
		1A56792025EBD57600C932CC /* TodoTableViewCell.swift in Sources */ = {isa = PBXBuildFile; fileRef = 1A56791E25EBD57600C932CC /* TodoTableViewCell.swift */; };
		1A56792125EBD57600C932CC /* TodoTableViewCell.xib in Resources */ = {isa = PBXBuildFile; fileRef = 1A56791F25EBD57600C932CC /* TodoTableViewCell.xib */; };
		1AA848A725EC95C700A482F5 /* sord.png in Resources */ = {isa = PBXBuildFile; fileRef = 1AA848A625EC95C700A482F5 /* sord.png */; };
		1AA848B125ECAC3A00A482F5 /* monster.jpg in Resources */ = {isa = PBXBuildFile; fileRef = 1AA848B025ECAC3A00A482F5 /* monster.jpg */; };
		1AB1606E25E89FF800FCEAE7 /* AppDelegate.swift in Sources */ = {isa = PBXBuildFile; fileRef = 1AB1606D25E89FF800FCEAE7 /* AppDelegate.swift */; };
		1AB1607025E89FF800FCEAE7 /* SceneDelegate.swift in Sources */ = {isa = PBXBuildFile; fileRef = 1AB1606F25E89FF800FCEAE7 /* SceneDelegate.swift */; };
		1AB1607225E89FF800FCEAE7 /* ViewController.swift in Sources */ = {isa = PBXBuildFile; fileRef = 1AB1607125E89FF800FCEAE7 /* ViewController.swift */; };
		1AB1607525E89FF800FCEAE7 /* Main.storyboard in Resources */ = {isa = PBXBuildFile; fileRef = 1AB1607325E89FF800FCEAE7 /* Main.storyboard */; };
		1AB1607725E89FF900FCEAE7 /* Assets.xcassets in Resources */ = {isa = PBXBuildFile; fileRef = 1AB1607625E89FF900FCEAE7 /* Assets.xcassets */; };
		1AB1607A25E89FF900FCEAE7 /* LaunchScreen.storyboard in Resources */ = {isa = PBXBuildFile; fileRef = 1AB1607825E89FF900FCEAE7 /* LaunchScreen.storyboard */; };
		1AB1608525E89FF900FCEAE7 /* MonTodoTests.swift in Sources */ = {isa = PBXBuildFile; fileRef = 1AB1608425E89FF900FCEAE7 /* MonTodoTests.swift */; };
		1AB1609025E89FF900FCEAE7 /* MonTodoUITests.swift in Sources */ = {isa = PBXBuildFile; fileRef = 1AB1608F25E89FF900FCEAE7 /* MonTodoUITests.swift */; };
		1AB160A925E94E8700FCEAE7 /* RegistrationViewController.swift in Sources */ = {isa = PBXBuildFile; fileRef = 1AB160A825E94E8700FCEAE7 /* RegistrationViewController.swift */; };
/* End PBXBuildFile section */

/* Begin PBXContainerItemProxy section */
		1AB1608125E89FF900FCEAE7 /* PBXContainerItemProxy */ = {
			isa = PBXContainerItemProxy;
			containerPortal = 1AB1606225E89FF800FCEAE7 /* Project object */;
			proxyType = 1;
			remoteGlobalIDString = 1AB1606925E89FF800FCEAE7;
			remoteInfo = MonTodo;
		};
		1AB1608C25E89FF900FCEAE7 /* PBXContainerItemProxy */ = {
			isa = PBXContainerItemProxy;
			containerPortal = 1AB1606225E89FF800FCEAE7 /* Project object */;
			proxyType = 1;
			remoteGlobalIDString = 1AB1606925E89FF800FCEAE7;
			remoteInfo = MonTodo;
		};
/* End PBXContainerItemProxy section */

/* Begin PBXFileReference section */
		1A56791425EBC06F00C932CC /* quest_background.jpg */ = {isa = PBXFileReference; lastKnownFileType = image.jpeg; name = quest_background.jpg; path = image/quest_background.jpg; sourceTree = SOURCE_ROOT; };
		1A56791925EBCAEB00C932CC /* 005_b.png */ = {isa = PBXFileReference; lastKnownFileType = image.png; name = 005_b.png; path = image/button/005_b.png; sourceTree = SOURCE_ROOT; };
		1A56791E25EBD57600C932CC /* TodoTableViewCell.swift */ = {isa = PBXFileReference; lastKnownFileType = sourcecode.swift; path = TodoTableViewCell.swift; sourceTree = "<group>"; };
		1A56791F25EBD57600C932CC /* TodoTableViewCell.xib */ = {isa = PBXFileReference; lastKnownFileType = file.xib; path = TodoTableViewCell.xib; sourceTree = "<group>"; };
		1AA848A625EC95C700A482F5 /* sord.png */ = {isa = PBXFileReference; lastKnownFileType = image.png; name = sord.png; path = image/sord.png; sourceTree = SOURCE_ROOT; };
		1AA848B025ECAC3A00A482F5 /* monster.jpg */ = {isa = PBXFileReference; lastKnownFileType = image.jpeg; name = monster.jpg; path = image/monster.jpg; sourceTree = SOURCE_ROOT; };
		1AB1606A25E89FF800FCEAE7 /* MonTodo.app */ = {isa = PBXFileReference; explicitFileType = wrapper.application; includeInIndex = 0; path = MonTodo.app; sourceTree = BUILT_PRODUCTS_DIR; };
		1AB1606D25E89FF800FCEAE7 /* AppDelegate.swift */ = {isa = PBXFileReference; lastKnownFileType = sourcecode.swift; path = AppDelegate.swift; sourceTree = "<group>"; };
		1AB1606F25E89FF800FCEAE7 /* SceneDelegate.swift */ = {isa = PBXFileReference; lastKnownFileType = sourcecode.swift; path = SceneDelegate.swift; sourceTree = "<group>"; };
		1AB1607125E89FF800FCEAE7 /* ViewController.swift */ = {isa = PBXFileReference; lastKnownFileType = sourcecode.swift; path = ViewController.swift; sourceTree = "<group>"; };
		1AB1607425E89FF800FCEAE7 /* Base */ = {isa = PBXFileReference; lastKnownFileType = file.storyboard; name = Base; path = Base.lproj/Main.storyboard; sourceTree = "<group>"; };
		1AB1607625E89FF900FCEAE7 /* Assets.xcassets */ = {isa = PBXFileReference; lastKnownFileType = folder.assetcatalog; path = Assets.xcassets; sourceTree = "<group>"; };
		1AB1607925E89FF900FCEAE7 /* Base */ = {isa = PBXFileReference; lastKnownFileType = file.storyboard; name = Base; path = Base.lproj/LaunchScreen.storyboard; sourceTree = "<group>"; };
		1AB1607B25E89FF900FCEAE7 /* Info.plist */ = {isa = PBXFileReference; lastKnownFileType = text.plist.xml; path = Info.plist; sourceTree = "<group>"; };
		1AB1608025E89FF900FCEAE7 /* MonTodoTests.xctest */ = {isa = PBXFileReference; explicitFileType = wrapper.cfbundle; includeInIndex = 0; path = MonTodoTests.xctest; sourceTree = BUILT_PRODUCTS_DIR; };
		1AB1608425E89FF900FCEAE7 /* MonTodoTests.swift */ = {isa = PBXFileReference; lastKnownFileType = sourcecode.swift; path = MonTodoTests.swift; sourceTree = "<group>"; };
		1AB1608625E89FF900FCEAE7 /* Info.plist */ = {isa = PBXFileReference; lastKnownFileType = text.plist.xml; path = Info.plist; sourceTree = "<group>"; };
		1AB1608B25E89FF900FCEAE7 /* MonTodoUITests.xctest */ = {isa = PBXFileReference; explicitFileType = wrapper.cfbundle; includeInIndex = 0; path = MonTodoUITests.xctest; sourceTree = BUILT_PRODUCTS_DIR; };
		1AB1608F25E89FF900FCEAE7 /* MonTodoUITests.swift */ = {isa = PBXFileReference; lastKnownFileType = sourcecode.swift; path = MonTodoUITests.swift; sourceTree = "<group>"; };
		1AB1609125E89FF900FCEAE7 /* Info.plist */ = {isa = PBXFileReference; lastKnownFileType = text.plist.xml; path = Info.plist; sourceTree = "<group>"; };
		1AB160A825E94E8700FCEAE7 /* RegistrationViewController.swift */ = {isa = PBXFileReference; lastKnownFileType = sourcecode.swift; path = RegistrationViewController.swift; sourceTree = "<group>"; };
/* End PBXFileReference section */

/* Begin PBXFrameworksBuildPhase section */
		1AB1606725E89FF800FCEAE7 /* Frameworks */ = {
			isa = PBXFrameworksBuildPhase;
			buildActionMask = 2147483647;
			files = (
			);
			runOnlyForDeploymentPostprocessing = 0;
		};
		1AB1607D25E89FF900FCEAE7 /* Frameworks */ = {
			isa = PBXFrameworksBuildPhase;
			buildActionMask = 2147483647;
			files = (
			);
			runOnlyForDeploymentPostprocessing = 0;
		};
		1AB1608825E89FF900FCEAE7 /* Frameworks */ = {
			isa = PBXFrameworksBuildPhase;
			buildActionMask = 2147483647;
			files = (
			);
			runOnlyForDeploymentPostprocessing = 0;
		};
/* End PBXFrameworksBuildPhase section */

/* Begin PBXGroup section */
		1AB1606125E89FF800FCEAE7 = {
			isa = PBXGroup;
			children = (
				1AB1606C25E89FF800FCEAE7 /* MonTodo */,
				1AB1608325E89FF900FCEAE7 /* MonTodoTests */,
				1AB1608E25E89FF900FCEAE7 /* MonTodoUITests */,
				1AB1606B25E89FF800FCEAE7 /* Products */,
			);
			sourceTree = "<group>";
		};
		1AB1606B25E89FF800FCEAE7 /* Products */ = {
			isa = PBXGroup;
			children = (
				1AB1606A25E89FF800FCEAE7 /* MonTodo.app */,
				1AB1608025E89FF900FCEAE7 /* MonTodoTests.xctest */,
				1AB1608B25E89FF900FCEAE7 /* MonTodoUITests.xctest */,
			);
			name = Products;
			sourceTree = "<group>";
		};
		1AB1606C25E89FF800FCEAE7 /* MonTodo */ = {
			isa = PBXGroup;
			children = (
				1AA848B025ECAC3A00A482F5 /* monster.jpg */,
				1AA848A625EC95C700A482F5 /* sord.png */,
				1A56791925EBCAEB00C932CC /* 005_b.png */,
				1A56791425EBC06F00C932CC /* quest_background.jpg */,
				1AB1606D25E89FF800FCEAE7 /* AppDelegate.swift */,
				1AB1606F25E89FF800FCEAE7 /* SceneDelegate.swift */,
				1AB1607125E89FF800FCEAE7 /* ViewController.swift */,
				1AB1607325E89FF800FCEAE7 /* Main.storyboard */,
				1AB1607625E89FF900FCEAE7 /* Assets.xcassets */,
				1AB1607825E89FF900FCEAE7 /* LaunchScreen.storyboard */,
				1AB1607B25E89FF900FCEAE7 /* Info.plist */,
				1AB160A825E94E8700FCEAE7 /* RegistrationViewController.swift */,
				1A56791E25EBD57600C932CC /* TodoTableViewCell.swift */,
				1A56791F25EBD57600C932CC /* TodoTableViewCell.xib */,
			);
			path = MonTodo;
			sourceTree = "<group>";
		};
		1AB1608325E89FF900FCEAE7 /* MonTodoTests */ = {
			isa = PBXGroup;
			children = (
				1AB1608425E89FF900FCEAE7 /* MonTodoTests.swift */,
				1AB1608625E89FF900FCEAE7 /* Info.plist */,
			);
			path = MonTodoTests;
			sourceTree = "<group>";
		};
		1AB1608E25E89FF900FCEAE7 /* MonTodoUITests */ = {
			isa = PBXGroup;
			children = (
				1AB1608F25E89FF900FCEAE7 /* MonTodoUITests.swift */,
				1AB1609125E89FF900FCEAE7 /* Info.plist */,
			);
			path = MonTodoUITests;
			sourceTree = "<group>";
		};
/* End PBXGroup section */

/* Begin PBXNativeTarget section */
		1AB1606925E89FF800FCEAE7 /* MonTodo */ = {
			isa = PBXNativeTarget;
			buildConfigurationList = 1AB1609425E89FF900FCEAE7 /* Build configuration list for PBXNativeTarget "MonTodo" */;
			buildPhases = (
				1AB1606625E89FF800FCEAE7 /* Sources */,
				1AB1606725E89FF800FCEAE7 /* Frameworks */,
				1AB1606825E89FF800FCEAE7 /* Resources */,
			);
			buildRules = (
			);
			dependencies = (
			);
			name = MonTodo;
			productName = MonTodo;
			productReference = 1AB1606A25E89FF800FCEAE7 /* MonTodo.app */;
			productType = "com.apple.product-type.application";
		};
		1AB1607F25E89FF900FCEAE7 /* MonTodoTests */ = {
			isa = PBXNativeTarget;
			buildConfigurationList = 1AB1609725E89FF900FCEAE7 /* Build configuration list for PBXNativeTarget "MonTodoTests" */;
			buildPhases = (
				1AB1607C25E89FF900FCEAE7 /* Sources */,
				1AB1607D25E89FF900FCEAE7 /* Frameworks */,
				1AB1607E25E89FF900FCEAE7 /* Resources */,
			);
			buildRules = (
			);
			dependencies = (
				1AB1608225E89FF900FCEAE7 /* PBXTargetDependency */,
			);
			name = MonTodoTests;
			productName = MonTodoTests;
			productReference = 1AB1608025E89FF900FCEAE7 /* MonTodoTests.xctest */;
			productType = "com.apple.product-type.bundle.unit-test";
		};
		1AB1608A25E89FF900FCEAE7 /* MonTodoUITests */ = {
			isa = PBXNativeTarget;
			buildConfigurationList = 1AB1609A25E89FF900FCEAE7 /* Build configuration list for PBXNativeTarget "MonTodoUITests" */;
			buildPhases = (
				1AB1608725E89FF900FCEAE7 /* Sources */,
				1AB1608825E89FF900FCEAE7 /* Frameworks */,
				1AB1608925E89FF900FCEAE7 /* Resources */,
			);
			buildRules = (
			);
			dependencies = (
				1AB1608D25E89FF900FCEAE7 /* PBXTargetDependency */,
			);
			name = MonTodoUITests;
			productName = MonTodoUITests;
			productReference = 1AB1608B25E89FF900FCEAE7 /* MonTodoUITests.xctest */;
			productType = "com.apple.product-type.bundle.ui-testing";
		};
/* End PBXNativeTarget section */

/* Begin PBXProject section */
		1AB1606225E89FF800FCEAE7 /* Project object */ = {
			isa = PBXProject;
			attributes = {
				LastSwiftUpdateCheck = 1240;
				LastUpgradeCheck = 1240;
				TargetAttributes = {
					1AB1606925E89FF800FCEAE7 = {
						CreatedOnToolsVersion = 12.4;
					};
					1AB1607F25E89FF900FCEAE7 = {
						CreatedOnToolsVersion = 12.4;
						TestTargetID = 1AB1606925E89FF800FCEAE7;
					};
					1AB1608A25E89FF900FCEAE7 = {
						CreatedOnToolsVersion = 12.4;
						TestTargetID = 1AB1606925E89FF800FCEAE7;
					};
				};
			};
			buildConfigurationList = 1AB1606525E89FF800FCEAE7 /* Build configuration list for PBXProject "MonTodo" */;
			compatibilityVersion = "Xcode 9.3";
			developmentRegion = en;
			hasScannedForEncodings = 0;
			knownRegions = (
				en,
				Base,
			);
			mainGroup = 1AB1606125E89FF800FCEAE7;
			productRefGroup = 1AB1606B25E89FF800FCEAE7 /* Products */;
			projectDirPath = "";
			projectRoot = "";
			targets = (
				1AB1606925E89FF800FCEAE7 /* MonTodo */,
				1AB1607F25E89FF900FCEAE7 /* MonTodoTests */,
				1AB1608A25E89FF900FCEAE7 /* MonTodoUITests */,
			);
		};
/* End PBXProject section */

/* Begin PBXResourcesBuildPhase section */
		1AB1606825E89FF800FCEAE7 /* Resources */ = {
			isa = PBXResourcesBuildPhase;
			buildActionMask = 2147483647;
			files = (
				1A56791525EBC06F00C932CC /* quest_background.jpg in Resources */,
				1AB1607A25E89FF900FCEAE7 /* LaunchScreen.storyboard in Resources */,
				1AA848B125ECAC3A00A482F5 /* monster.jpg in Resources */,
				1AB1607725E89FF900FCEAE7 /* Assets.xcassets in Resources */,
				1AB1607525E89FF800FCEAE7 /* Main.storyboard in Resources */,
				1A56791A25EBCAEB00C932CC /* 005_b.png in Resources */,
				1AA848A725EC95C700A482F5 /* sord.png in Resources */,
				1A56792125EBD57600C932CC /* TodoTableViewCell.xib in Resources */,
			);
			runOnlyForDeploymentPostprocessing = 0;
		};
		1AB1607E25E89FF900FCEAE7 /* Resources */ = {
			isa = PBXResourcesBuildPhase;
			buildActionMask = 2147483647;
			files = (
			);
			runOnlyForDeploymentPostprocessing = 0;
		};
		1AB1608925E89FF900FCEAE7 /* Resources */ = {
			isa = PBXResourcesBuildPhase;
			buildActionMask = 2147483647;
			files = (
			);
			runOnlyForDeploymentPostprocessing = 0;
		};
/* End PBXResourcesBuildPhase section */

/* Begin PBXSourcesBuildPhase section */
		1AB1606625E89FF800FCEAE7 /* Sources */ = {
			isa = PBXSourcesBuildPhase;
			buildActionMask = 2147483647;
			files = (
				1AB1607225E89FF800FCEAE7 /* ViewController.swift in Sources */,
				1AB1606E25E89FF800FCEAE7 /* AppDelegate.swift in Sources */,
				1AB160A925E94E8700FCEAE7 /* RegistrationViewController.swift in Sources */,
				1A56792025EBD57600C932CC /* TodoTableViewCell.swift in Sources */,
				1AB1607025E89FF800FCEAE7 /* SceneDelegate.swift in Sources */,
			);
			runOnlyForDeploymentPostprocessing = 0;
		};
		1AB1607C25E89FF900FCEAE7 /* Sources */ = {
			isa = PBXSourcesBuildPhase;
			buildActionMask = 2147483647;
			files = (
				1AB1608525E89FF900FCEAE7 /* MonTodoTests.swift in Sources */,
			);
			runOnlyForDeploymentPostprocessing = 0;
		};
		1AB1608725E89FF900FCEAE7 /* Sources */ = {
			isa = PBXSourcesBuildPhase;
			buildActionMask = 2147483647;
			files = (
				1AB1609025E89FF900FCEAE7 /* MonTodoUITests.swift in Sources */,
			);
			runOnlyForDeploymentPostprocessing = 0;
		};
/* End PBXSourcesBuildPhase section */

/* Begin PBXTargetDependency section */
		1AB1608225E89FF900FCEAE7 /* PBXTargetDependency */ = {
			isa = PBXTargetDependency;
			target = 1AB1606925E89FF800FCEAE7 /* MonTodo */;
			targetProxy = 1AB1608125E89FF900FCEAE7 /* PBXContainerItemProxy */;
		};
		1AB1608D25E89FF900FCEAE7 /* PBXTargetDependency */ = {
			isa = PBXTargetDependency;
			target = 1AB1606925E89FF800FCEAE7 /* MonTodo */;
			targetProxy = 1AB1608C25E89FF900FCEAE7 /* PBXContainerItemProxy */;
		};
/* End PBXTargetDependency section */

/* Begin PBXVariantGroup section */
		1AB1607325E89FF800FCEAE7 /* Main.storyboard */ = {
			isa = PBXVariantGroup;
			children = (
				1AB1607425E89FF800FCEAE7 /* Base */,
			);
			name = Main.storyboard;
			sourceTree = "<group>";
		};
		1AB1607825E89FF900FCEAE7 /* LaunchScreen.storyboard */ = {
			isa = PBXVariantGroup;
			children = (
				1AB1607925E89FF900FCEAE7 /* Base */,
			);
			name = LaunchScreen.storyboard;
			sourceTree = "<group>";
		};
/* End PBXVariantGroup section */

/* Begin XCBuildConfiguration section */
		1AB1609225E89FF900FCEAE7 /* Debug */ = {
			isa = XCBuildConfiguration;
			buildSettings = {
				ALWAYS_SEARCH_USER_PATHS = NO;
				CLANG_ANALYZER_NONNULL = YES;
				CLANG_ANALYZER_NUMBER_OBJECT_CONVERSION = YES_AGGRESSIVE;
				CLANG_CXX_LANGUAGE_STANDARD = "gnu++14";
				CLANG_CXX_LIBRARY = "libc++";
				CLANG_ENABLE_MODULES = YES;
				CLANG_ENABLE_OBJC_ARC = YES;
				CLANG_ENABLE_OBJC_WEAK = YES;
				CLANG_WARN_BLOCK_CAPTURE_AUTORELEASING = YES;
				CLANG_WARN_BOOL_CONVERSION = YES;
				CLANG_WARN_COMMA = YES;
				CLANG_WARN_CONSTANT_CONVERSION = YES;
				CLANG_WARN_DEPRECATED_OBJC_IMPLEMENTATIONS = YES;
				CLANG_WARN_DIRECT_OBJC_ISA_USAGE = YES_ERROR;
				CLANG_WARN_DOCUMENTATION_COMMENTS = YES;
				CLANG_WARN_EMPTY_BODY = YES;
				CLANG_WARN_ENUM_CONVERSION = YES;
				CLANG_WARN_INFINITE_RECURSION = YES;
				CLANG_WARN_INT_CONVERSION = YES;
				CLANG_WARN_NON_LITERAL_NULL_CONVERSION = YES;
				CLANG_WARN_OBJC_IMPLICIT_RETAIN_SELF = YES;
				CLANG_WARN_OBJC_LITERAL_CONVERSION = YES;
				CLANG_WARN_OBJC_ROOT_CLASS = YES_ERROR;
				CLANG_WARN_QUOTED_INCLUDE_IN_FRAMEWORK_HEADER = YES;
				CLANG_WARN_RANGE_LOOP_ANALYSIS = YES;
				CLANG_WARN_STRICT_PROTOTYPES = YES;
				CLANG_WARN_SUSPICIOUS_MOVE = YES;
				CLANG_WARN_UNGUARDED_AVAILABILITY = YES_AGGRESSIVE;
				CLANG_WARN_UNREACHABLE_CODE = YES;
				CLANG_WARN__DUPLICATE_METHOD_MATCH = YES;
				COPY_PHASE_STRIP = NO;
				DEBUG_INFORMATION_FORMAT = dwarf;
				ENABLE_STRICT_OBJC_MSGSEND = YES;
				ENABLE_TESTABILITY = YES;
				GCC_C_LANGUAGE_STANDARD = gnu11;
				GCC_DYNAMIC_NO_PIC = NO;
				GCC_NO_COMMON_BLOCKS = YES;
				GCC_OPTIMIZATION_LEVEL = 0;
				GCC_PREPROCESSOR_DEFINITIONS = (
					"DEBUG=1",
					"$(inherited)",
				);
				GCC_WARN_64_TO_32_BIT_CONVERSION = YES;
				GCC_WARN_ABOUT_RETURN_TYPE = YES_ERROR;
				GCC_WARN_UNDECLARED_SELECTOR = YES;
				GCC_WARN_UNINITIALIZED_AUTOS = YES_AGGRESSIVE;
				GCC_WARN_UNUSED_FUNCTION = YES;
				GCC_WARN_UNUSED_VARIABLE = YES;
				IPHONEOS_DEPLOYMENT_TARGET = 14.4;
				MTL_ENABLE_DEBUG_INFO = INCLUDE_SOURCE;
				MTL_FAST_MATH = YES;
				ONLY_ACTIVE_ARCH = YES;
				SDKROOT = iphoneos;
				SWIFT_ACTIVE_COMPILATION_CONDITIONS = DEBUG;
				SWIFT_OPTIMIZATION_LEVEL = "-Onone";
			};
			name = Debug;
		};
		1AB1609325E89FF900FCEAE7 /* Release */ = {
			isa = XCBuildConfiguration;
			buildSettings = {
				ALWAYS_SEARCH_USER_PATHS = NO;
				CLANG_ANALYZER_NONNULL = YES;
				CLANG_ANALYZER_NUMBER_OBJECT_CONVERSION = YES_AGGRESSIVE;
				CLANG_CXX_LANGUAGE_STANDARD = "gnu++14";
				CLANG_CXX_LIBRARY = "libc++";
				CLANG_ENABLE_MODULES = YES;
				CLANG_ENABLE_OBJC_ARC = YES;
				CLANG_ENABLE_OBJC_WEAK = YES;
				CLANG_WARN_BLOCK_CAPTURE_AUTORELEASING = YES;
				CLANG_WARN_BOOL_CONVERSION = YES;
				CLANG_WARN_COMMA = YES;
				CLANG_WARN_CONSTANT_CONVERSION = YES;
				CLANG_WARN_DEPRECATED_OBJC_IMPLEMENTATIONS = YES;
				CLANG_WARN_DIRECT_OBJC_ISA_USAGE = YES_ERROR;
				CLANG_WARN_DOCUMENTATION_COMMENTS = YES;
				CLANG_WARN_EMPTY_BODY = YES;
				CLANG_WARN_ENUM_CONVERSION = YES;
				CLANG_WARN_INFINITE_RECURSION = YES;
				CLANG_WARN_INT_CONVERSION = YES;
				CLANG_WARN_NON_LITERAL_NULL_CONVERSION = YES;
				CLANG_WARN_OBJC_IMPLICIT_RETAIN_SELF = YES;
				CLANG_WARN_OBJC_LITERAL_CONVERSION = YES;
				CLANG_WARN_OBJC_ROOT_CLASS = YES_ERROR;
				CLANG_WARN_QUOTED_INCLUDE_IN_FRAMEWORK_HEADER = YES;
				CLANG_WARN_RANGE_LOOP_ANALYSIS = YES;
				CLANG_WARN_STRICT_PROTOTYPES = YES;
				CLANG_WARN_SUSPICIOUS_MOVE = YES;
				CLANG_WARN_UNGUARDED_AVAILABILITY = YES_AGGRESSIVE;
				CLANG_WARN_UNREACHABLE_CODE = YES;
				CLANG_WARN__DUPLICATE_METHOD_MATCH = YES;
				COPY_PHASE_STRIP = NO;
				DEBUG_INFORMATION_FORMAT = "dwarf-with-dsym";
				ENABLE_NS_ASSERTIONS = NO;
				ENABLE_STRICT_OBJC_MSGSEND = YES;
				GCC_C_LANGUAGE_STANDARD = gnu11;
				GCC_NO_COMMON_BLOCKS = YES;
				GCC_WARN_64_TO_32_BIT_CONVERSION = YES;
				GCC_WARN_ABOUT_RETURN_TYPE = YES_ERROR;
				GCC_WARN_UNDECLARED_SELECTOR = YES;
				GCC_WARN_UNINITIALIZED_AUTOS = YES_AGGRESSIVE;
				GCC_WARN_UNUSED_FUNCTION = YES;
				GCC_WARN_UNUSED_VARIABLE = YES;
				IPHONEOS_DEPLOYMENT_TARGET = 14.4;
				MTL_ENABLE_DEBUG_INFO = NO;
				MTL_FAST_MATH = YES;
				SDKROOT = iphoneos;
				SWIFT_COMPILATION_MODE = wholemodule;
				SWIFT_OPTIMIZATION_LEVEL = "-O";
				VALIDATE_PRODUCT = YES;
			};
			name = Release;
		};
		1AB1609525E89FF900FCEAE7 /* Debug */ = {
			isa = XCBuildConfiguration;
			buildSettings = {
				ASSETCATALOG_COMPILER_APPICON_NAME = AppIcon;
				ASSETCATALOG_COMPILER_GLOBAL_ACCENT_COLOR_NAME = AccentColor;
				CODE_SIGN_STYLE = Automatic;
				DEVELOPMENT_TEAM = 7W99LDKFYV;
				INFOPLIST_FILE = MonTodo/Info.plist;
				LD_RUNPATH_SEARCH_PATHS = (
					"$(inherited)",
					"@executable_path/Frameworks",
				);
				PRODUCT_BUNDLE_IDENTIFIER = app.tatsui.nagiwo.MonTodo;
				PRODUCT_NAME = "$(TARGET_NAME)";
				SWIFT_VERSION = 5.0;
				TARGETED_DEVICE_FAMILY = "1,2";
			};
			name = Debug;
		};
		1AB1609625E89FF900FCEAE7 /* Release */ = {
			isa = XCBuildConfiguration;
			buildSettings = {
				ASSETCATALOG_COMPILER_APPICON_NAME = AppIcon;
				ASSETCATALOG_COMPILER_GLOBAL_ACCENT_COLOR_NAME = AccentColor;
				CODE_SIGN_STYLE = Automatic;
				DEVELOPMENT_TEAM = 7W99LDKFYV;
				INFOPLIST_FILE = MonTodo/Info.plist;
				LD_RUNPATH_SEARCH_PATHS = (
					"$(inherited)",
					"@executable_path/Frameworks",
				);
				PRODUCT_BUNDLE_IDENTIFIER = app.tatsui.nagiwo.MonTodo;
				PRODUCT_NAME = "$(TARGET_NAME)";
				SWIFT_VERSION = 5.0;
				TARGETED_DEVICE_FAMILY = "1,2";
			};
			name = Release;
		};
		1AB1609825E89FF900FCEAE7 /* Debug */ = {
			isa = XCBuildConfiguration;
			buildSettings = {
				ALWAYS_EMBED_SWIFT_STANDARD_LIBRARIES = YES;
				BUNDLE_LOADER = "$(TEST_HOST)";
				CODE_SIGN_STYLE = Automatic;
				INFOPLIST_FILE = MonTodoTests/Info.plist;
				IPHONEOS_DEPLOYMENT_TARGET = 14.4;
				LD_RUNPATH_SEARCH_PATHS = (
					"$(inherited)",
					"@executable_path/Frameworks",
					"@loader_path/Frameworks",
				);
				PRODUCT_BUNDLE_IDENTIFIER = app.tatsui.nagiwo.MonTodoTests;
				PRODUCT_NAME = "$(TARGET_NAME)";
				SWIFT_VERSION = 5.0;
				TARGETED_DEVICE_FAMILY = "1,2";
				TEST_HOST = "$(BUILT_PRODUCTS_DIR)/MonTodo.app/MonTodo";
			};
			name = Debug;
		};
		1AB1609925E89FF900FCEAE7 /* Release */ = {
			isa = XCBuildConfiguration;
			buildSettings = {
				ALWAYS_EMBED_SWIFT_STANDARD_LIBRARIES = YES;
				BUNDLE_LOADER = "$(TEST_HOST)";
				CODE_SIGN_STYLE = Automatic;
				INFOPLIST_FILE = MonTodoTests/Info.plist;
				IPHONEOS_DEPLOYMENT_TARGET = 14.4;
				LD_RUNPATH_SEARCH_PATHS = (
					"$(inherited)",
					"@executable_path/Frameworks",
					"@loader_path/Frameworks",
				);
				PRODUCT_BUNDLE_IDENTIFIER = app.tatsui.nagiwo.MonTodoTests;
				PRODUCT_NAME = "$(TARGET_NAME)";
				SWIFT_VERSION = 5.0;
				TARGETED_DEVICE_FAMILY = "1,2";
				TEST_HOST = "$(BUILT_PRODUCTS_DIR)/MonTodo.app/MonTodo";
			};
			name = Release;
		};
		1AB1609B25E89FF900FCEAE7 /* Debug */ = {
			isa = XCBuildConfiguration;
			buildSettings = {
				ALWAYS_EMBED_SWIFT_STANDARD_LIBRARIES = YES;
				CODE_SIGN_STYLE = Automatic;
				INFOPLIST_FILE = MonTodoUITests/Info.plist;
				LD_RUNPATH_SEARCH_PATHS = (
					"$(inherited)",
					"@executable_path/Frameworks",
					"@loader_path/Frameworks",
				);
				PRODUCT_BUNDLE_IDENTIFIER = app.tatsui.nagiwo.MonTodoUITests;
				PRODUCT_NAME = "$(TARGET_NAME)";
				SWIFT_VERSION = 5.0;
				TARGETED_DEVICE_FAMILY = "1,2";
				TEST_TARGET_NAME = MonTodo;
			};
			name = Debug;
		};
		1AB1609C25E89FF900FCEAE7 /* Release */ = {
			isa = XCBuildConfiguration;
			buildSettings = {
				ALWAYS_EMBED_SWIFT_STANDARD_LIBRARIES = YES;
				CODE_SIGN_STYLE = Automatic;
				INFOPLIST_FILE = MonTodoUITests/Info.plist;
				LD_RUNPATH_SEARCH_PATHS = (
					"$(inherited)",
					"@executable_path/Frameworks",
					"@loader_path/Frameworks",
				);
				PRODUCT_BUNDLE_IDENTIFIER = app.tatsui.nagiwo.MonTodoUITests;
				PRODUCT_NAME = "$(TARGET_NAME)";
				SWIFT_VERSION = 5.0;
				TARGETED_DEVICE_FAMILY = "1,2";
				TEST_TARGET_NAME = MonTodo;
			};
			name = Release;
		};
/* End XCBuildConfiguration section */

/* Begin XCConfigurationList section */
		1AB1606525E89FF800FCEAE7 /* Build configuration list for PBXProject "MonTodo" */ = {
			isa = XCConfigurationList;
			buildConfigurations = (
				1AB1609225E89FF900FCEAE7 /* Debug */,
				1AB1609325E89FF900FCEAE7 /* Release */,
			);
			defaultConfigurationIsVisible = 0;
			defaultConfigurationName = Release;
		};
		1AB1609425E89FF900FCEAE7 /* Build configuration list for PBXNativeTarget "MonTodo" */ = {
			isa = XCConfigurationList;
			buildConfigurations = (
				1AB1609525E89FF900FCEAE7 /* Debug */,
				1AB1609625E89FF900FCEAE7 /* Release */,
			);
			defaultConfigurationIsVisible = 0;
			defaultConfigurationName = Release;
		};
		1AB1609725E89FF900FCEAE7 /* Build configuration list for PBXNativeTarget "MonTodoTests" */ = {
			isa = XCConfigurationList;
			buildConfigurations = (
				1AB1609825E89FF900FCEAE7 /* Debug */,
				1AB1609925E89FF900FCEAE7 /* Release */,
			);
			defaultConfigurationIsVisible = 0;
			defaultConfigurationName = Release;
		};
		1AB1609A25E89FF900FCEAE7 /* Build configuration list for PBXNativeTarget "MonTodoUITests" */ = {
			isa = XCConfigurationList;
			buildConfigurations = (
				1AB1609B25E89FF900FCEAE7 /* Debug */,
				1AB1609C25E89FF900FCEAE7 /* Release */,
			);
			defaultConfigurationIsVisible = 0;
			defaultConfigurationName = Release;
		};
/* End XCConfigurationList section */
	};
	rootObject = 1AB1606225E89FF800FCEAE7 /* Project object */;
}
